// !$*UTF8*$!
{
	archiveVersion = 1;
	classes = {
	};
	objectVersion = 48;
	objects = {

/* Begin PBXBuildFile section */
		C33844201FB9AA1200925D41 /* AppDelegate.swift in Sources */ = {isa = PBXBuildFile; fileRef = C338441F1FB9AA1200925D41 /* AppDelegate.swift */; };
		C33844221FB9AA1200925D41 /* ViewController.swift in Sources */ = {isa = PBXBuildFile; fileRef = C33844211FB9AA1200925D41 /* ViewController.swift */; };
		C33844251FB9AA1200925D41 /* Main.storyboard in Resources */ = {isa = PBXBuildFile; fileRef = C33844231FB9AA1200925D41 /* Main.storyboard */; };
		C33844281FB9AA1200925D41 /* XcodeServerSample.xcdatamodeld in Sources */ = {isa = PBXBuildFile; fileRef = C33844261FB9AA1200925D41 /* XcodeServerSample.xcdatamodeld */; };
		C338442A1FB9AA1200925D41 /* Assets.xcassets in Resources */ = {isa = PBXBuildFile; fileRef = C33844291FB9AA1200925D41 /* Assets.xcassets */; };
		C338442D1FB9AA1200925D41 /* LaunchScreen.storyboard in Resources */ = {isa = PBXBuildFile; fileRef = C338442B1FB9AA1200925D41 /* LaunchScreen.storyboard */; };
		C33844381FB9AA1200925D41 /* XcodeServerSampleTests.swift in Sources */ = {isa = PBXBuildFile; fileRef = C33844371FB9AA1200925D41 /* XcodeServerSampleTests.swift */; };
		C33844431FB9AA1200925D41 /* XcodeServerSampleUITests.swift in Sources */ = {isa = PBXBuildFile; fileRef = C33844421FB9AA1200925D41 /* XcodeServerSampleUITests.swift */; };
/* End PBXBuildFile section */

/* Begin PBXContainerItemProxy section */
		C33844341FB9AA1200925D41 /* PBXContainerItemProxy */ = {
			isa = PBXContainerItemProxy;
			containerPortal = C33844141FB9AA1200925D41 /* Project object */;
			proxyType = 1;
			remoteGlobalIDString = C338441B1FB9AA1200925D41;
			remoteInfo = XcodeServerSample;
		};
		C338443F1FB9AA1200925D41 /* PBXContainerItemProxy */ = {
			isa = PBXContainerItemProxy;
			containerPortal = C33844141FB9AA1200925D41 /* Project object */;
			proxyType = 1;
			remoteGlobalIDString = C338441B1FB9AA1200925D41;
			remoteInfo = XcodeServerSample;
		};
/* End PBXContainerItemProxy section */

/* Begin PBXFileReference section */
		C338441C1FB9AA1200925D41 /* XcodeServerSample.app */ = {isa = PBXFileReference; explicitFileType = wrapper.application; includeInIndex = 0; path = XcodeServerSample.app; sourceTree = BUILT_PRODUCTS_DIR; };
		C338441F1FB9AA1200925D41 /* AppDelegate.swift */ = {isa = PBXFileReference; lastKnownFileType = sourcecode.swift; path = AppDelegate.swift; sourceTree = "<group>"; };
		C33844211FB9AA1200925D41 /* ViewController.swift */ = {isa = PBXFileReference; lastKnownFileType = sourcecode.swift; path = ViewController.swift; sourceTree = "<group>"; };
		C33844241FB9AA1200925D41 /* Base */ = {isa = PBXFileReference; lastKnownFileType = file.storyboard; name = Base; path = Base.lproj/Main.storyboard; sourceTree = "<group>"; };
		C33844271FB9AA1200925D41 /* XcodeServerSample.xcdatamodel */ = {isa = PBXFileReference; lastKnownFileType = wrapper.xcdatamodel; path = XcodeServerSample.xcdatamodel; sourceTree = "<group>"; };
		C33844291FB9AA1200925D41 /* Assets.xcassets */ = {isa = PBXFileReference; lastKnownFileType = folder.assetcatalog; path = Assets.xcassets; sourceTree = "<group>"; };
		C338442C1FB9AA1200925D41 /* Base */ = {isa = PBXFileReference; lastKnownFileType = file.storyboard; name = Base; path = Base.lproj/LaunchScreen.storyboard; sourceTree = "<group>"; };
		C338442E1FB9AA1200925D41 /* Info.plist */ = {isa = PBXFileReference; lastKnownFileType = text.plist.xml; path = Info.plist; sourceTree = "<group>"; };
		C33844331FB9AA1200925D41 /* XcodeServerSampleTests.xctest */ = {isa = PBXFileReference; explicitFileType = wrapper.cfbundle; includeInIndex = 0; path = XcodeServerSampleTests.xctest; sourceTree = BUILT_PRODUCTS_DIR; };
		C33844371FB9AA1200925D41 /* XcodeServerSampleTests.swift */ = {isa = PBXFileReference; lastKnownFileType = sourcecode.swift; path = XcodeServerSampleTests.swift; sourceTree = "<group>"; };
		C33844391FB9AA1200925D41 /* Info.plist */ = {isa = PBXFileReference; lastKnownFileType = text.plist.xml; path = Info.plist; sourceTree = "<group>"; };
		C338443E1FB9AA1200925D41 /* XcodeServerSampleUITests.xctest */ = {isa = PBXFileReference; explicitFileType = wrapper.cfbundle; includeInIndex = 0; path = XcodeServerSampleUITests.xctest; sourceTree = BUILT_PRODUCTS_DIR; };
		C33844421FB9AA1200925D41 /* XcodeServerSampleUITests.swift */ = {isa = PBXFileReference; lastKnownFileType = sourcecode.swift; path = XcodeServerSampleUITests.swift; sourceTree = "<group>"; };
		C33844441FB9AA1200925D41 /* Info.plist */ = {isa = PBXFileReference; lastKnownFileType = text.plist.xml; path = Info.plist; sourceTree = "<group>"; };
/* End PBXFileReference section */

/* Begin PBXFrameworksBuildPhase section */
		C33844191FB9AA1200925D41 /* Frameworks */ = {
			isa = PBXFrameworksBuildPhase;
			buildActionMask = 2147483647;
			files = (
			);
			runOnlyForDeploymentPostprocessing = 0;
		};
		C33844301FB9AA1200925D41 /* Frameworks */ = {
			isa = PBXFrameworksBuildPhase;
			buildActionMask = 2147483647;
			files = (
			);
			runOnlyForDeploymentPostprocessing = 0;
		};
		C338443B1FB9AA1200925D41 /* Frameworks */ = {
			isa = PBXFrameworksBuildPhase;
			buildActionMask = 2147483647;
			files = (
			);
			runOnlyForDeploymentPostprocessing = 0;
		};
/* End PBXFrameworksBuildPhase section */

/* Begin PBXGroup section */
		C33844131FB9AA1200925D41 = {
			isa = PBXGroup;
			children = (
				C338441E1FB9AA1200925D41 /* XcodeServerSample */,
				C33844361FB9AA1200925D41 /* XcodeServerSampleTests */,
				C33844411FB9AA1200925D41 /* XcodeServerSampleUITests */,
				C338441D1FB9AA1200925D41 /* Products */,
			);
			sourceTree = "<group>";
		};
		C338441D1FB9AA1200925D41 /* Products */ = {
			isa = PBXGroup;
			children = (
				C338441C1FB9AA1200925D41 /* XcodeServerSample.app */,
				C33844331FB9AA1200925D41 /* XcodeServerSampleTests.xctest */,
				C338443E1FB9AA1200925D41 /* XcodeServerSampleUITests.xctest */,
			);
			name = Products;
			sourceTree = "<group>";
		};
		C338441E1FB9AA1200925D41 /* XcodeServerSample */ = {
			isa = PBXGroup;
			children = (
				C338441F1FB9AA1200925D41 /* AppDelegate.swift */,
				C33844211FB9AA1200925D41 /* ViewController.swift */,
				C33844231FB9AA1200925D41 /* Main.storyboard */,
				C33844291FB9AA1200925D41 /* Assets.xcassets */,
				C338442B1FB9AA1200925D41 /* LaunchScreen.storyboard */,
				C338442E1FB9AA1200925D41 /* Info.plist */,
				C33844261FB9AA1200925D41 /* XcodeServerSample.xcdatamodeld */,
			);
			path = XcodeServerSample;
			sourceTree = "<group>";
		};
		C33844361FB9AA1200925D41 /* XcodeServerSampleTests */ = {
			isa = PBXGroup;
			children = (
				C33844371FB9AA1200925D41 /* XcodeServerSampleTests.swift */,
				C33844391FB9AA1200925D41 /* Info.plist */,
			);
			path = XcodeServerSampleTests;
			sourceTree = "<group>";
		};
		C33844411FB9AA1200925D41 /* XcodeServerSampleUITests */ = {
			isa = PBXGroup;
			children = (
				C33844421FB9AA1200925D41 /* XcodeServerSampleUITests.swift */,
				C33844441FB9AA1200925D41 /* Info.plist */,
			);
			path = XcodeServerSampleUITests;
			sourceTree = "<group>";
		};
/* End PBXGroup section */

/* Begin PBXNativeTarget section */
		C338441B1FB9AA1200925D41 /* XcodeServerSample */ = {
			isa = PBXNativeTarget;
			buildConfigurationList = C33844471FB9AA1200925D41 /* Build configuration list for PBXNativeTarget "XcodeServerSample" */;
			buildPhases = (
				C33844181FB9AA1200925D41 /* Sources */,
				C33844191FB9AA1200925D41 /* Frameworks */,
				C338441A1FB9AA1200925D41 /* Resources */,
			);
			buildRules = (
			);
			dependencies = (
			);
			name = XcodeServerSample;
			productName = XcodeServerSample;
			productReference = C338441C1FB9AA1200925D41 /* XcodeServerSample.app */;
			productType = "com.apple.product-type.application";
		};
		C33844321FB9AA1200925D41 /* XcodeServerSampleTests */ = {
			isa = PBXNativeTarget;
			buildConfigurationList = C338444A1FB9AA1200925D41 /* Build configuration list for PBXNativeTarget "XcodeServerSampleTests" */;
			buildPhases = (
				C338442F1FB9AA1200925D41 /* Sources */,
				C33844301FB9AA1200925D41 /* Frameworks */,
				C33844311FB9AA1200925D41 /* Resources */,
			);
			buildRules = (
			);
			dependencies = (
				C33844351FB9AA1200925D41 /* PBXTargetDependency */,
			);
			name = XcodeServerSampleTests;
			productName = XcodeServerSampleTests;
			productReference = C33844331FB9AA1200925D41 /* XcodeServerSampleTests.xctest */;
			productType = "com.apple.product-type.bundle.unit-test";
		};
		C338443D1FB9AA1200925D41 /* XcodeServerSampleUITests */ = {
			isa = PBXNativeTarget;
			buildConfigurationList = C338444D1FB9AA1200925D41 /* Build configuration list for PBXNativeTarget "XcodeServerSampleUITests" */;
			buildPhases = (
				C338443A1FB9AA1200925D41 /* Sources */,
				C338443B1FB9AA1200925D41 /* Frameworks */,
				C338443C1FB9AA1200925D41 /* Resources */,
			);
			buildRules = (
			);
			dependencies = (
				C33844401FB9AA1200925D41 /* PBXTargetDependency */,
			);
			name = XcodeServerSampleUITests;
			productName = XcodeServerSampleUITests;
			productReference = C338443E1FB9AA1200925D41 /* XcodeServerSampleUITests.xctest */;
			productType = "com.apple.product-type.bundle.ui-testing";
		};
/* End PBXNativeTarget section */

/* Begin PBXProject section */
		C33844141FB9AA1200925D41 /* Project object */ = {
			isa = PBXProject;
			attributes = {
				LastSwiftUpdateCheck = 0900;
				LastUpgradeCheck = 0900;
				ORGANIZATIONNAME = Pratibha;
				TargetAttributes = {
					C338441B1FB9AA1200925D41 = {
						CreatedOnToolsVersion = 9.0.1;
						ProvisioningStyle = Automatic;
					};
					C33844321FB9AA1200925D41 = {
						CreatedOnToolsVersion = 9.0.1;
						ProvisioningStyle = Automatic;
						TestTargetID = C338441B1FB9AA1200925D41;
					};
					C338443D1FB9AA1200925D41 = {
						CreatedOnToolsVersion = 9.0.1;
						ProvisioningStyle = Automatic;
						TestTargetID = C338441B1FB9AA1200925D41;
					};
				};
			};
			buildConfigurationList = C33844171FB9AA1200925D41 /* Build configuration list for PBXProject "XcodeServerSample" */;
			compatibilityVersion = "Xcode 8.0";
			developmentRegion = en;
			hasScannedForEncodings = 0;
			knownRegions = (
				en,
				Base,
			);
			mainGroup = C33844131FB9AA1200925D41;
			productRefGroup = C338441D1FB9AA1200925D41 /* Products */;
			projectDirPath = "";
			projectRoot = "";
			targets = (
				C338441B1FB9AA1200925D41 /* XcodeServerSample */,
				C33844321FB9AA1200925D41 /* XcodeServerSampleTests */,
				C338443D1FB9AA1200925D41 /* XcodeServerSampleUITests */,
			);
		};
/* End PBXProject section */

/* Begin PBXResourcesBuildPhase section */
		C338441A1FB9AA1200925D41 /* Resources */ = {
			isa = PBXResourcesBuildPhase;
			buildActionMask = 2147483647;
			files = (
				C338442D1FB9AA1200925D41 /* LaunchScreen.storyboard in Resources */,
				C338442A1FB9AA1200925D41 /* Assets.xcassets in Resources */,
				C33844251FB9AA1200925D41 /* Main.storyboard in Resources */,
			);
			runOnlyForDeploymentPostprocessing = 0;
		};
		C33844311FB9AA1200925D41 /* Resources */ = {
			isa = PBXResourcesBuildPhase;
			buildActionMask = 2147483647;
			files = (
			);
			runOnlyForDeploymentPostprocessing = 0;
		};
		C338443C1FB9AA1200925D41 /* Resources */ = {
			isa = PBXResourcesBuildPhase;
			buildActionMask = 2147483647;
			files = (
			);
			runOnlyForDeploymentPostprocessing = 0;
		};
/* End PBXResourcesBuildPhase section */

/* Begin PBXSourcesBuildPhase section */
		C33844181FB9AA1200925D41 /* Sources */ = {
			isa = PBXSourcesBuildPhase;
			buildActionMask = 2147483647;
			files = (
				C33844221FB9AA1200925D41 /* ViewController.swift in Sources */,
				C33844201FB9AA1200925D41 /* AppDelegate.swift in Sources */,
				C33844281FB9AA1200925D41 /* XcodeServerSample.xcdatamodeld in Sources */,
			);
			runOnlyForDeploymentPostprocessing = 0;
		};
		C338442F1FB9AA1200925D41 /* Sources */ = {
			isa = PBXSourcesBuildPhase;
			buildActionMask = 2147483647;
			files = (
				C33844381FB9AA1200925D41 /* XcodeServerSampleTests.swift in Sources */,
			);
			runOnlyForDeploymentPostprocessing = 0;
		};
		C338443A1FB9AA1200925D41 /* Sources */ = {
			isa = PBXSourcesBuildPhase;
			buildActionMask = 2147483647;
			files = (
				C33844431FB9AA1200925D41 /* XcodeServerSampleUITests.swift in Sources */,
			);
			runOnlyForDeploymentPostprocessing = 0;
		};
/* End PBXSourcesBuildPhase section */

/* Begin PBXTargetDependency section */
		C33844351FB9AA1200925D41 /* PBXTargetDependency */ = {
			isa = PBXTargetDependency;
			target = C338441B1FB9AA1200925D41 /* XcodeServerSample */;
			targetProxy = C33844341FB9AA1200925D41 /* PBXContainerItemProxy */;
		};
		C33844401FB9AA1200925D41 /* PBXTargetDependency */ = {
			isa = PBXTargetDependency;
			target = C338441B1FB9AA1200925D41 /* XcodeServerSample */;
			targetProxy = C338443F1FB9AA1200925D41 /* PBXContainerItemProxy */;
		};
/* End PBXTargetDependency section */

/* Begin PBXVariantGroup section */
		C33844231FB9AA1200925D41 /* Main.storyboard */ = {
			isa = PBXVariantGroup;
			children = (
				C33844241FB9AA1200925D41 /* Base */,
			);
			name = Main.storyboard;
			sourceTree = "<group>";
		};
		C338442B1FB9AA1200925D41 /* LaunchScreen.storyboard */ = {
			isa = PBXVariantGroup;
			children = (
				C338442C1FB9AA1200925D41 /* Base */,
			);
			name = LaunchScreen.storyboard;
			sourceTree = "<group>";
		};
/* End PBXVariantGroup section */

/* Begin XCBuildConfiguration section */
		C33844451FB9AA1200925D41 /* Debug */ = {
			isa = XCBuildConfiguration;
			buildSettings = {
				ALWAYS_SEARCH_USER_PATHS = NO;
				CLANG_ANALYZER_NONNULL = YES;
				CLANG_ANALYZER_NUMBER_OBJECT_CONVERSION = YES_AGGRESSIVE;
				CLANG_CXX_LANGUAGE_STANDARD = "gnu++14";
				CLANG_CXX_LIBRARY = "libc++";
				CLANG_ENABLE_MODULES = YES;
				CLANG_ENABLE_OBJC_ARC = YES;
				CLANG_WARN_BLOCK_CAPTURE_AUTORELEASING = YES;
				CLANG_WARN_BOOL_CONVERSION = YES;
				CLANG_WARN_COMMA = YES;
				CLANG_WARN_CONSTANT_CONVERSION = YES;
				CLANG_WARN_DIRECT_OBJC_ISA_USAGE = YES_ERROR;
				CLANG_WARN_DOCUMENTATION_COMMENTS = YES;
				CLANG_WARN_EMPTY_BODY = YES;
				CLANG_WARN_ENUM_CONVERSION = YES;
				CLANG_WARN_INFINITE_RECURSION = YES;
				CLANG_WARN_INT_CONVERSION = YES;
				CLANG_WARN_NON_LITERAL_NULL_CONVERSION = YES;
				CLANG_WARN_OBJC_LITERAL_CONVERSION = YES;
				CLANG_WARN_OBJC_ROOT_CLASS = YES_ERROR;
				CLANG_WARN_RANGE_LOOP_ANALYSIS = YES;
				CLANG_WARN_STRICT_PROTOTYPES = YES;
				CLANG_WARN_SUSPICIOUS_MOVE = YES;
				CLANG_WARN_UNGUARDED_AVAILABILITY = YES_AGGRESSIVE;
				CLANG_WARN_UNREACHABLE_CODE = YES;
				CLANG_WARN__DUPLICATE_METHOD_MATCH = YES;
				CODE_SIGN_IDENTITY = "iPhone Developer";
				COPY_PHASE_STRIP = NO;
				DEBUG_INFORMATION_FORMAT = dwarf;
				ENABLE_STRICT_OBJC_MSGSEND = YES;
				ENABLE_TESTABILITY = YES;
				GCC_C_LANGUAGE_STANDARD = gnu11;
				GCC_DYNAMIC_NO_PIC = NO;
				GCC_NO_COMMON_BLOCKS = YES;
				GCC_OPTIMIZATION_LEVEL = 0;
				GCC_PREPROCESSOR_DEFINITIONS = (
					"DEBUG=1",
					"$(inherited)",
				);
				GCC_WARN_64_TO_32_BIT_CONVERSION = YES;
				GCC_WARN_ABOUT_RETURN_TYPE = YES_ERROR;
				GCC_WARN_UNDECLARED_SELECTOR = YES;
				GCC_WARN_UNINITIALIZED_AUTOS = YES_AGGRESSIVE;
				GCC_WARN_UNUSED_FUNCTION = YES;
				GCC_WARN_UNUSED_VARIABLE = YES;
				IPHONEOS_DEPLOYMENT_TARGET = 11.0;
				MTL_ENABLE_DEBUG_INFO = YES;
				ONLY_ACTIVE_ARCH = YES;
				SDKROOT = iphoneos;
				SWIFT_ACTIVE_COMPILATION_CONDITIONS = DEBUG;
				SWIFT_OPTIMIZATION_LEVEL = "-Onone";
			};
			name = Debug;
		};
		C33844461FB9AA1200925D41 /* Release */ = {
			isa = XCBuildConfiguration;
			buildSettings = {
				ALWAYS_SEARCH_USER_PATHS = NO;
				CLANG_ANALYZER_NONNULL = YES;
				CLANG_ANALYZER_NUMBER_OBJECT_CONVERSION = YES_AGGRESSIVE;
				CLANG_CXX_LANGUAGE_STANDARD = "gnu++14";
				CLANG_CXX_LIBRARY = "libc++";
				CLANG_ENABLE_MODULES = YES;
				CLANG_ENABLE_OBJC_ARC = YES;
				CLANG_WARN_BLOCK_CAPTURE_AUTORELEASING = YES;
				CLANG_WARN_BOOL_CONVERSION = YES;
				CLANG_WARN_COMMA = YES;
				CLANG_WARN_CONSTANT_CONVERSION = YES;
				CLANG_WARN_DIRECT_OBJC_ISA_USAGE = YES_ERROR;
				CLANG_WARN_DOCUMENTATION_COMMENTS = YES;
				CLANG_WARN_EMPTY_BODY = YES;
				CLANG_WARN_ENUM_CONVERSION = YES;
				CLANG_WARN_INFINITE_RECURSION = YES;
				CLANG_WARN_INT_CONVERSION = YES;
				CLANG_WARN_NON_LITERAL_NULL_CONVERSION = YES;
				CLANG_WARN_OBJC_LITERAL_CONVERSION = YES;
				CLANG_WARN_OBJC_ROOT_CLASS = YES_ERROR;
				CLANG_WARN_RANGE_LOOP_ANALYSIS = YES;
				CLANG_WARN_STRICT_PROTOTYPES = YES;
				CLANG_WARN_SUSPICIOUS_MOVE = YES;
				CLANG_WARN_UNGUARDED_AVAILABILITY = YES_AGGRESSIVE;
				CLANG_WARN_UNREACHABLE_CODE = YES;
				CLANG_WARN__DUPLICATE_METHOD_MATCH = YES;
				CODE_SIGN_IDENTITY = "iPhone Developer";
				COPY_PHASE_STRIP = NO;
				DEBUG_INFORMATION_FORMAT = "dwarf-with-dsym";
				ENABLE_NS_ASSERTIONS = NO;
				ENABLE_STRICT_OBJC_MSGSEND = YES;
				GCC_C_LANGUAGE_STANDARD = gnu11;
				GCC_NO_COMMON_BLOCKS = YES;
				GCC_WARN_64_TO_32_BIT_CONVERSION = YES;
				GCC_WARN_ABOUT_RETURN_TYPE = YES_ERROR;
				GCC_WARN_UNDECLARED_SELECTOR = YES;
				GCC_WARN_UNINITIALIZED_AUTOS = YES_AGGRESSIVE;
				GCC_WARN_UNUSED_FUNCTION = YES;
				GCC_WARN_UNUSED_VARIABLE = YES;
				IPHONEOS_DEPLOYMENT_TARGET = 11.0;
				MTL_ENABLE_DEBUG_INFO = NO;
				SDKROOT = iphoneos;
				SWIFT_OPTIMIZATION_LEVEL = "-Owholemodule";
				VALIDATE_PRODUCT = YES;
			};
			name = Release;
		};
		C33844481FB9AA1200925D41 /* Debug */ = {
			isa = XCBuildConfiguration;
			buildSettings = {
				ASSETCATALOG_COMPILER_APPICON_NAME = AppIcon;
				CODE_SIGN_STYLE = Automatic;
				DEVELOPMENT_TEAM = 93ZK4B4MRX;
				INFOPLIST_FILE = XcodeServerSample/Info.plist;
				LD_RUNPATH_SEARCH_PATHS = "$(inherited) @executable_path/Frameworks";
				PRODUCT_BUNDLE_IDENTIFIER = com.tavant.XcodeServerSample;
				PRODUCT_NAME = "$(TARGET_NAME)";
				SWIFT_VERSION = 4.0;
				TARGETED_DEVICE_FAMILY = "1,2";
			};
			name = Debug;
		};
		C33844491FB9AA1200925D41 /* Release */ = {
			isa = XCBuildConfiguration;
			buildSettings = {
				ASSETCATALOG_COMPILER_APPICON_NAME = AppIcon;
				CODE_SIGN_STYLE = Automatic;
				DEVELOPMENT_TEAM = 93ZK4B4MRX;
				INFOPLIST_FILE = XcodeServerSample/Info.plist;
				LD_RUNPATH_SEARCH_PATHS = "$(inherited) @executable_path/Frameworks";
				PRODUCT_BUNDLE_IDENTIFIER = com.tavant.XcodeServerSample;
				PRODUCT_NAME = "$(TARGET_NAME)";
				SWIFT_VERSION = 4.0;
				TARGETED_DEVICE_FAMILY = "1,2";
			};
			name = Release;
		};
		C338444B1FB9AA1200925D41 /* Debug */ = {
			isa = XCBuildConfiguration;
			buildSettings = {
				ALWAYS_EMBED_SWIFT_STANDARD_LIBRARIES = YES;
				BUNDLE_LOADER = "$(TEST_HOST)";
				CODE_SIGN_STYLE = Automatic;
				DEVELOPMENT_TEAM = 93ZK4B4MRX;
				INFOPLIST_FILE = XcodeServerSampleTests/Info.plist;
				LD_RUNPATH_SEARCH_PATHS = "$(inherited) @executable_path/Frameworks @loader_path/Frameworks";
				PRODUCT_BUNDLE_IDENTIFIER = com.tavant.XcodeServerSampleTests;
				PRODUCT_NAME = "$(TARGET_NAME)";
				SWIFT_VERSION = 4.0;
				TARGETED_DEVICE_FAMILY = "1,2";
				TEST_HOST = "$(BUILT_PRODUCTS_DIR)/XcodeServerSample.app/XcodeServerSample";
			};
			name = Debug;
		};
		C338444C1FB9AA1200925D41 /* Release */ = {
			isa = XCBuildConfiguration;
			buildSettings = {
				ALWAYS_EMBED_SWIFT_STANDARD_LIBRARIES = YES;
				BUNDLE_LOADER = "$(TEST_HOST)";
				CODE_SIGN_STYLE = Automatic;
				DEVELOPMENT_TEAM = 93ZK4B4MRX;
				INFOPLIST_FILE = XcodeServerSampleTests/Info.plist;
				LD_RUNPATH_SEARCH_PATHS = "$(inherited) @executable_path/Frameworks @loader_path/Frameworks";
				PRODUCT_BUNDLE_IDENTIFIER = com.tavant.XcodeServerSampleTests;
				PRODUCT_NAME = "$(TARGET_NAME)";
				SWIFT_VERSION = 4.0;
				TARGETED_DEVICE_FAMILY = "1,2";
				TEST_HOST = "$(BUILT_PRODUCTS_DIR)/XcodeServerSample.app/XcodeServerSample";
			};
			name = Release;
		};
		C338444E1FB9AA1200925D41 /* Debug */ = {
			isa = XCBuildConfiguration;
			buildSettings = {
				ALWAYS_EMBED_SWIFT_STANDARD_LIBRARIES = YES;
				CODE_SIGN_STYLE = Automatic;
				DEVELOPMENT_TEAM = 93ZK4B4MRX;
				INFOPLIST_FILE = XcodeServerSampleUITests/Info.plist;
				LD_RUNPATH_SEARCH_PATHS = "$(inherited) @executable_path/Frameworks @loader_path/Frameworks";
				PRODUCT_BUNDLE_IDENTIFIER = com.tavant.XcodeServerSampleUITests;
				PRODUCT_NAME = "$(TARGET_NAME)";
				SWIFT_VERSION = 4.0;
				TARGETED_DEVICE_FAMILY = "1,2";
				TEST_TARGET_NAME = XcodeServerSample;
			};
			name = Debug;
		};
		C338444F1FB9AA1200925D41 /* Release */ = {
			isa = XCBuildConfiguration;
			buildSettings = {
				ALWAYS_EMBED_SWIFT_STANDARD_LIBRARIES = YES;
				CODE_SIGN_STYLE = Automatic;
				DEVELOPMENT_TEAM = 93ZK4B4MRX;
				INFOPLIST_FILE = XcodeServerSampleUITests/Info.plist;
				LD_RUNPATH_SEARCH_PATHS = "$(inherited) @executable_path/Frameworks @loader_path/Frameworks";
				PRODUCT_BUNDLE_IDENTIFIER = com.tavant.XcodeServerSampleUITests;
				PRODUCT_NAME = "$(TARGET_NAME)";
				SWIFT_VERSION = 4.0;
				TARGETED_DEVICE_FAMILY = "1,2";
				TEST_TARGET_NAME = XcodeServerSample;
			};
			name = Release;
		};
/* End XCBuildConfiguration section */

/* Begin XCConfigurationList section */
		C33844171FB9AA1200925D41 /* Build configuration list for PBXProject "XcodeServerSample" */ = {
			isa = XCConfigurationList;
			buildConfigurations = (
				C33844451FB9AA1200925D41 /* Debug */,
				C33844461FB9AA1200925D41 /* Release */,
			);
			defaultConfigurationIsVisible = 0;
			defaultConfigurationName = Release;
		};
		C33844471FB9AA1200925D41 /* Build configuration list for PBXNativeTarget "XcodeServerSample" */ = {
			isa = XCConfigurationList;
			buildConfigurations = (
				C33844481FB9AA1200925D41 /* Debug */,
				C33844491FB9AA1200925D41 /* Release */,
			);
			defaultConfigurationIsVisible = 0;
			defaultConfigurationName = Release;
		};
		C338444A1FB9AA1200925D41 /* Build configuration list for PBXNativeTarget "XcodeServerSampleTests" */ = {
			isa = XCConfigurationList;
			buildConfigurations = (
				C338444B1FB9AA1200925D41 /* Debug */,
				C338444C1FB9AA1200925D41 /* Release */,
			);
			defaultConfigurationIsVisible = 0;
			defaultConfigurationName = Release;
		};
		C338444D1FB9AA1200925D41 /* Build configuration list for PBXNativeTarget "XcodeServerSampleUITests" */ = {
			isa = XCConfigurationList;
			buildConfigurations = (
				C338444E1FB9AA1200925D41 /* Debug */,
				C338444F1FB9AA1200925D41 /* Release */,
			);
			defaultConfigurationIsVisible = 0;
			defaultConfigurationName = Release;
		};
/* End XCConfigurationList section */

/* Begin XCVersionGroup section */
		C33844261FB9AA1200925D41 /* XcodeServerSample.xcdatamodeld */ = {
			isa = XCVersionGroup;
			children = (
				C33844271FB9AA1200925D41 /* XcodeServerSample.xcdatamodel */,
			);
			currentVersion = C33844271FB9AA1200925D41 /* XcodeServerSample.xcdatamodel */;
			path = XcodeServerSample.xcdatamodeld;
			sourceTree = "<group>";
			versionGroupType = wrapper.xcdatamodel;
		};
/* End XCVersionGroup section */
	};
	rootObject = C33844141FB9AA1200925D41 /* Project object */;
}
